
Microsoft Visual Studio Solution File, Format Version 12.00
# Visual Studio Version 16
VisualStudioVersion = 16.0.29215.179
MinimumVisualStudioVersion = 10.0.40219.1
Project("{8BC9CEB8-8B4A-11D0-8D11-00A0C91BC942}") = "5(9)", "5(9)\5(9).vcxproj", "{8FABA535-411D-4709-93F9-EFDA8705FAB0}"
EndProject
Global
	GlobalSection(SolutionConfigurationPlatforms) = preSolution
		Debug|x64 = Debug|x64
		Debug|x86 = Debug|x86
		Release|x64 = Release|x64
		Release|x86 = Release|x86
	EndGlobalSection
	GlobalSection(ProjectConfigurationPlatforms) = postSolution
		{8FABA535-411D-4709-93F9-EFDA8705FAB0}.Debug|x64.ActiveCfg = Debug|x64
		{8FABA535-411D-4709-93F9-EFDA8705FAB0}.Debug|x64.Build.0 = Debug|x64
		{8FABA535-411D-4709-93F9-EFDA8705FAB0}.Debug|x86.ActiveCfg = Debug|Win32
		{8FABA535-411D-4709-93F9-EFDA8705FAB0}.Debug|x86.Build.0 = Debug|Win32
		{8FABA535-411D-4709-93F9-EFDA8705FAB0}.Release|x64.ActiveCfg = Release|x64
		{8FABA535-411D-4709-93F9-EFDA8705FAB0}.Release|x64.Build.0 = Release|x64
		{8FABA535-411D-4709-93F9-EFDA8705FAB0}.Release|x86.ActiveCfg = Release|Win32
		{8FABA535-411D-4709-93F9-EFDA8705FAB0}.Release|x86.Build.0 = Release|Win32
	EndGlobalSection
	GlobalSection(SolutionProperties) = preSolution
		HideSolutionNode = FALSE
	EndGlobalSection
	GlobalSection(ExtensibilityGlobals) = postSolution
		SolutionGuid = {772831BC-EC29-4999-AEF8-C3CB5709039C}
	EndGlobalSection
EndGlobal
