
Microsoft Visual Studio Solution File, Format Version 12.00
# Visual Studio Version 16
VisualStudioVersion = 16.0.29215.179
MinimumVisualStudioVersion = 10.0.40219.1
Project("{8BC9CEB8-8B4A-11D0-8D11-00A0C91BC942}") = "token", "token\token.vcxproj", "{A3AA936B-9572-4380-9203-954EB199F68B}"
EndProject
Global
	GlobalSection(SolutionConfigurationPlatforms) = preSolution
		Debug|x64 = Debug|x64
		Debug|x86 = Debug|x86
		Release|x64 = Release|x64
		Release|x86 = Release|x86
	EndGlobalSection
	GlobalSection(ProjectConfigurationPlatforms) = postSolution
		{A3AA936B-9572-4380-9203-954EB199F68B}.Debug|x64.ActiveCfg = Debug|x64
		{A3AA936B-9572-4380-9203-954EB199F68B}.Debug|x64.Build.0 = Debug|x64
		{A3AA936B-9572-4380-9203-954EB199F68B}.Debug|x86.ActiveCfg = Debug|Win32
		{A3AA936B-9572-4380-9203-954EB199F68B}.Debug|x86.Build.0 = Debug|Win32
		{A3AA936B-9572-4380-9203-954EB199F68B}.Release|x64.ActiveCfg = Release|x64
		{A3AA936B-9572-4380-9203-954EB199F68B}.Release|x64.Build.0 = Release|x64
		{A3AA936B-9572-4380-9203-954EB199F68B}.Release|x86.ActiveCfg = Release|Win32
		{A3AA936B-9572-4380-9203-954EB199F68B}.Release|x86.Build.0 = Release|Win32
	EndGlobalSection
	GlobalSection(SolutionProperties) = preSolution
		HideSolutionNode = FALSE
	EndGlobalSection
	GlobalSection(ExtensibilityGlobals) = postSolution
		SolutionGuid = {99008E7C-3A58-4C57-8510-B14F852A1F09}
	EndGlobalSection
EndGlobal
